
Microsoft Visual Studio Solution File, Format Version 12.00
# Visual Studio Version 16
VisualStudioVersion = 16.0.32901.82
MinimumVisualStudioVersion = 10.0.40219.1
Project("{FAE04EC0-301F-11D3-BF4B-00C04F79EFBC}") = "AcmeAccountingSystem.cs", "AcmeAccountingSystem.cs\AcmeAccountingSystem.cs.csproj", "{D5F1488A-DCFB-4C72-A167-E109E89EC0D1}"
EndProject
Global
	GlobalSection(SolutionConfigurationPlatforms) = preSolution
		Debug|Any CPU = Debug|Any CPU
		Release|Any CPU = Release|Any CPU
	EndGlobalSection
	GlobalSection(ProjectConfigurationPlatforms) = postSolution
		{D5F1488A-DCFB-4C72-A167-E109E89EC0D1}.Debug|Any CPU.ActiveCfg = Debug|Any CPU
		{D5F1488A-DCFB-4C72-A167-E109E89EC0D1}.Debug|Any CPU.Build.0 = Debug|Any CPU
		{D5F1488A-DCFB-4C72-A167-E109E89EC0D1}.Release|Any CPU.ActiveCfg = Release|Any CPU
		{D5F1488A-DCFB-4C72-A167-E109E89EC0D1}.Release|Any CPU.Build.0 = Release|Any CPU
	EndGlobalSection
	GlobalSection(SolutionProperties) = preSolution
		HideSolutionNode = FALSE
	EndGlobalSection
	GlobalSection(ExtensibilityGlobals) = postSolution
		SolutionGuid = {951FF594-2EDB-4342-BE99-93EF4A7A6384}
	EndGlobalSection
EndGlobal
